
Microsoft Visual Studio Solution File, Format Version 12.00
# Visual Studio Version 17
VisualStudioVersion = 17.8.34309.116
MinimumVisualStudioVersion = 10.0.40219.1
Project("{FAE04EC0-301F-11D3-BF4B-00C04F79EFBC}") = "Astronauts.Api", "Astronauts.Api\Astronauts.Api.csproj", "{D103535C-DCF0-4661-81D1-14425CB6AE49}"
EndProject
Project("{FAE04EC0-301F-11D3-BF4B-00C04F79EFBC}") = "Astronauts.Core", "Astronauts.Core\Astronauts.Core.csproj", "{10B2B9B9-D5F3-47BF-A50A-E596FAA7E902}"
EndProject
Project("{FAE04EC0-301F-11D3-BF4B-00C04F79EFBC}") = "Astronauts.Infraestructure", "Astronauts.Infraestructure\Astronauts.Infraestructure.csproj", "{3FA673AD-EB55-4AD8-B1E7-B9B5D93F4063}"
EndProject
Global
	GlobalSection(SolutionConfigurationPlatforms) = preSolution
		Debug|Any CPU = Debug|Any CPU
		Release|Any CPU = Release|Any CPU
	EndGlobalSection
	GlobalSection(ProjectConfigurationPlatforms) = postSolution
		{D103535C-DCF0-4661-81D1-14425CB6AE49}.Debug|Any CPU.ActiveCfg = Debug|Any CPU
		{D103535C-DCF0-4661-81D1-14425CB6AE49}.Debug|Any CPU.Build.0 = Debug|Any CPU
		{D103535C-DCF0-4661-81D1-14425CB6AE49}.Release|Any CPU.ActiveCfg = Release|Any CPU
		{D103535C-DCF0-4661-81D1-14425CB6AE49}.Release|Any CPU.Build.0 = Release|Any CPU
		{10B2B9B9-D5F3-47BF-A50A-E596FAA7E902}.Debug|Any CPU.ActiveCfg = Debug|Any CPU
		{10B2B9B9-D5F3-47BF-A50A-E596FAA7E902}.Debug|Any CPU.Build.0 = Debug|Any CPU
		{10B2B9B9-D5F3-47BF-A50A-E596FAA7E902}.Release|Any CPU.ActiveCfg = Release|Any CPU
		{10B2B9B9-D5F3-47BF-A50A-E596FAA7E902}.Release|Any CPU.Build.0 = Release|Any CPU
		{3FA673AD-EB55-4AD8-B1E7-B9B5D93F4063}.Debug|Any CPU.ActiveCfg = Debug|Any CPU
		{3FA673AD-EB55-4AD8-B1E7-B9B5D93F4063}.Debug|Any CPU.Build.0 = Debug|Any CPU
		{3FA673AD-EB55-4AD8-B1E7-B9B5D93F4063}.Release|Any CPU.ActiveCfg = Release|Any CPU
		{3FA673AD-EB55-4AD8-B1E7-B9B5D93F4063}.Release|Any CPU.Build.0 = Release|Any CPU
	EndGlobalSection
	GlobalSection(SolutionProperties) = preSolution
		HideSolutionNode = FALSE
	EndGlobalSection
	GlobalSection(ExtensibilityGlobals) = postSolution
		SolutionGuid = {21FB209F-69D4-48BE-AD8E-F88CA781E4CD}
	EndGlobalSection
EndGlobal
